
Microsoft Visual Studio Solution File, Format Version 12.00
# Visual Studio Version 17
VisualStudioVersion = 17.11.35327.3
MinimumVisualStudioVersion = 10.0.40219.1
Project("{FAE04EC0-301F-11D3-BF4B-00C04F79EFBC}") = "Lesson08Lab", "Lesson08Lab\Lesson08Lab.csproj", "{B7868AB9-2310-4571-8303-A3FCE763C62E}"
EndProject
Global
	GlobalSection(SolutionConfigurationPlatforms) = preSolution
		Debug|Any CPU = Debug|Any CPU
		Release|Any CPU = Release|Any CPU
	EndGlobalSection
	GlobalSection(ProjectConfigurationPlatforms) = postSolution
		{B7868AB9-2310-4571-8303-A3FCE763C62E}.Debug|Any CPU.ActiveCfg = Debug|Any CPU
		{B7868AB9-2310-4571-8303-A3FCE763C62E}.Debug|Any CPU.Build.0 = Debug|Any CPU
		{B7868AB9-2310-4571-8303-A3FCE763C62E}.Release|Any CPU.ActiveCfg = Release|Any CPU
		{B7868AB9-2310-4571-8303-A3FCE763C62E}.Release|Any CPU.Build.0 = Release|Any CPU
	EndGlobalSection
	GlobalSection(SolutionProperties) = preSolution
		HideSolutionNode = FALSE
	EndGlobalSection
	GlobalSection(ExtensibilityGlobals) = postSolution
		SolutionGuid = {73F4DE7A-B4A3-454E-AC71-1FB28803F719}
	EndGlobalSection
EndGlobal
